{
  "name": "0702-npm",
  "version": "1.0.0",
  "lockfileVersion": 1,
  "requires": true,
  "dependencies": {
    "qs": {
      "version": "6.7.0",
      "resolved": "https://registry.npmjs.org/qs/-/qs-6.7.0.tgz",
      "integrity": "sha512-VCdBRNFTX1fyE7Nb6FYoURo/SPe62QCaAyzJvUjwRaIsc+NePBEniHlvxFmmX56+HZphIGtV0XeCirBtpDrTyQ=="
    },
    "stripe": {
      "version": "7.8.0",
      "resolved": "https://registry.npmjs.org/stripe/-/stripe-7.8.0.tgz",
      "integrity": "sha512-Tmq0xB68W2e4m1FCHLly1dr6SXg+m4cXKhN77NCRkiefaetq/H2+8jDKYerY63Otd6fsRmWTVjuqy+NfUkVVwQ==",
      "requires": {
        "qs": "^6.6.0"
      }
    }
  }
}
